// !$*UTF8*$!
{
	archiveVersion = 1;
	classes = {
	};
	objectVersion = 46;
	objects = {

/* Begin PBXBuildFile section */
		10164C161C92A7C4001FEF46 /* AppDelegate.swift in Sources */ = {isa = PBXBuildFile; fileRef = 10164C151C92A7C4001FEF46 /* AppDelegate.swift */; };
		10164C1B1C92A7C4001FEF46 /* Main.storyboard in Resources */ = {isa = PBXBuildFile; fileRef = 10164C191C92A7C4001FEF46 /* Main.storyboard */; };
		10164C1D1C92A7C4001FEF46 /* Assets.xcassets in Resources */ = {isa = PBXBuildFile; fileRef = 10164C1C1C92A7C4001FEF46 /* Assets.xcassets */; };
		10164C201C92A7C4001FEF46 /* LaunchScreen.storyboard in Resources */ = {isa = PBXBuildFile; fileRef = 10164C1E1C92A7C4001FEF46 /* LaunchScreen.storyboard */; };
		10164C2A1C92A7D8001FEF46 /* ViewController.swift in Sources */ = {isa = PBXBuildFile; fileRef = 10164C271C92A7D8001FEF46 /* ViewController.swift */; };
		10164C2B1C92A7D8001FEF46 /* JKMMCustomBackView.swift in Sources */ = {isa = PBXBuildFile; fileRef = 10164C281C92A7D8001FEF46 /* JKMMCustomBackView.swift */; };
		10164C2E1C92CB48001FEF46 /* JKMMCustomTableView.swift in Sources */ = {isa = PBXBuildFile; fileRef = 10164C2D1C92CB48001FEF46 /* JKMMCustomTableView.swift */; };
/* End PBXBuildFile section */

/* Begin PBXFileReference section */
		10164C121C92A7C4001FEF46 /* PopWeChat.app */ = {isa = PBXFileReference; explicitFileType = wrapper.application; includeInIndex = 0; path = PopWeChat.app; sourceTree = BUILT_PRODUCTS_DIR; };
		10164C151C92A7C4001FEF46 /* AppDelegate.swift */ = {isa = PBXFileReference; lastKnownFileType = sourcecode.swift; path = AppDelegate.swift; sourceTree = "<group>"; };
		10164C1A1C92A7C4001FEF46 /* Base */ = {isa = PBXFileReference; lastKnownFileType = file.storyboard; name = Base; path = Base.lproj/Main.storyboard; sourceTree = "<group>"; };
		10164C1C1C92A7C4001FEF46 /* Assets.xcassets */ = {isa = PBXFileReference; lastKnownFileType = folder.assetcatalog; path = Assets.xcassets; sourceTree = "<group>"; };
		10164C1F1C92A7C4001FEF46 /* Base */ = {isa = PBXFileReference; lastKnownFileType = file.storyboard; name = Base; path = Base.lproj/LaunchScreen.storyboard; sourceTree = "<group>"; };
		10164C211C92A7C4001FEF46 /* Info.plist */ = {isa = PBXFileReference; lastKnownFileType = text.plist.xml; path = Info.plist; sourceTree = "<group>"; };
		10164C271C92A7D8001FEF46 /* ViewController.swift */ = {isa = PBXFileReference; fileEncoding = 4; lastKnownFileType = sourcecode.swift; path = ViewController.swift; sourceTree = "<group>"; };
		10164C281C92A7D8001FEF46 /* JKMMCustomBackView.swift */ = {isa = PBXFileReference; fileEncoding = 4; lastKnownFileType = sourcecode.swift; path = JKMMCustomBackView.swift; sourceTree = "<group>"; };
		10164C2D1C92CB48001FEF46 /* JKMMCustomTableView.swift */ = {isa = PBXFileReference; fileEncoding = 4; lastKnownFileType = sourcecode.swift; path = JKMMCustomTableView.swift; sourceTree = "<group>"; };
/* End PBXFileReference section */

/* Begin PBXFrameworksBuildPhase section */
		10164C0F1C92A7C4001FEF46 /* Frameworks */ = {
			isa = PBXFrameworksBuildPhase;
			buildActionMask = 2147483647;
			files = (
			);
			runOnlyForDeploymentPostprocessing = 0;
		};
/* End PBXFrameworksBuildPhase section */

/* Begin PBXGroup section */
		10164C091C92A7C4001FEF46 = {
			isa = PBXGroup;
			children = (
				10164C141C92A7C4001FEF46 /* PopWeChat */,
				10164C131C92A7C4001FEF46 /* Products */,
			);
			sourceTree = "<group>";
		};
		10164C131C92A7C4001FEF46 /* Products */ = {
			isa = PBXGroup;
			children = (
				10164C121C92A7C4001FEF46 /* PopWeChat.app */,
			);
			name = Products;
			sourceTree = "<group>";
		};
		10164C141C92A7C4001FEF46 /* PopWeChat */ = {
			isa = PBXGroup;
			children = (
				10164C151C92A7C4001FEF46 /* AppDelegate.swift */,
				10164C271C92A7D8001FEF46 /* ViewController.swift */,
				10164C281C92A7D8001FEF46 /* JKMMCustomBackView.swift */,
				10164C2D1C92CB48001FEF46 /* JKMMCustomTableView.swift */,
				10164C191C92A7C4001FEF46 /* Main.storyboard */,
				10164C1C1C92A7C4001FEF46 /* Assets.xcassets */,
				10164C1E1C92A7C4001FEF46 /* LaunchScreen.storyboard */,
				10164C211C92A7C4001FEF46 /* Info.plist */,
			);
			path = PopWeChat;
			sourceTree = "<group>";
		};
/* End PBXGroup section */

/* Begin PBXNativeTarget section */
		10164C111C92A7C4001FEF46 /* PopWeChat */ = {
			isa = PBXNativeTarget;
			buildConfigurationList = 10164C241C92A7C4001FEF46 /* Build configuration list for PBXNativeTarget "PopWeChat" */;
			buildPhases = (
				10164C0E1C92A7C4001FEF46 /* Sources */,
				10164C0F1C92A7C4001FEF46 /* Frameworks */,
				10164C101C92A7C4001FEF46 /* Resources */,
			);
			buildRules = (
			);
			dependencies = (
			);
			name = PopWeChat;
			productName = PopWeChat;
			productReference = 10164C121C92A7C4001FEF46 /* PopWeChat.app */;
			productType = "com.apple.product-type.application";
		};
/* End PBXNativeTarget section */

/* Begin PBXProject section */
		10164C0A1C92A7C4001FEF46 /* Project object */ = {
			isa = PBXProject;
			attributes = {
				LastSwiftUpdateCheck = 0720;
				LastUpgradeCheck = 0720;
				ORGANIZATIONNAME = "马少洋";
				TargetAttributes = {
					10164C111C92A7C4001FEF46 = {
						CreatedOnToolsVersion = 7.2;
					};
				};
			};
			buildConfigurationList = 10164C0D1C92A7C4001FEF46 /* Build configuration list for PBXProject "PopWeChat" */;
			compatibilityVersion = "Xcode 3.2";
			developmentRegion = English;
			hasScannedForEncodings = 0;
			knownRegions = (
				en,
				Base,
			);
			mainGroup = 10164C091C92A7C4001FEF46;
			productRefGroup = 10164C131C92A7C4001FEF46 /* Products */;
			projectDirPath = "";
			projectRoot = "";
			targets = (
				10164C111C92A7C4001FEF46 /* PopWeChat */,
			);
		};
/* End PBXProject section */

/* Begin PBXResourcesBuildPhase section */
		10164C101C92A7C4001FEF46 /* Resources */ = {
			isa = PBXResourcesBuildPhase;
			buildActionMask = 2147483647;
			files = (
				10164C201C92A7C4001FEF46 /* LaunchScreen.storyboard in Resources */,
				10164C1D1C92A7C4001FEF46 /* Assets.xcassets in Resources */,
				10164C1B1C92A7C4001FEF46 /* Main.storyboard in Resources */,
			);
			runOnlyForDeploymentPostprocessing = 0;
		};
/* End PBXResourcesBuildPhase section */

/* Begin PBXSourcesBuildPhase section */
		10164C0E1C92A7C4001FEF46 /* Sources */ = {
			isa = PBXSourcesBuildPhase;
			buildActionMask = 2147483647;
			files = (
				10164C2B1C92A7D8001FEF46 /* JKMMCustomBackView.swift in Sources */,
				10164C2E1C92CB48001FEF46 /* JKMMCustomTableView.swift in Sources */,
				10164C2A1C92A7D8001FEF46 /* ViewController.swift in Sources */,
				10164C161C92A7C4001FEF46 /* AppDelegate.swift in Sources */,
			);
			runOnlyForDeploymentPostprocessing = 0;
		};
/* End PBXSourcesBuildPhase section */

/* Begin PBXVariantGroup section */
		10164C191C92A7C4001FEF46 /* Main.storyboard */ = {
			isa = PBXVariantGroup;
			children = (
				10164C1A1C92A7C4001FEF46 /* Base */,
			);
			name = Main.storyboard;
			sourceTree = "<group>";
		};
		10164C1E1C92A7C4001FEF46 /* LaunchScreen.storyboard */ = {
			isa = PBXVariantGroup;
			children = (
				10164C1F1C92A7C4001FEF46 /* Base */,
			);
			name = LaunchScreen.storyboard;
			sourceTree = "<group>";
		};
/* End PBXVariantGroup section */

/* Begin XCBuildConfiguration section */
		10164C221C92A7C4001FEF46 /* Debug */ = {
			isa = XCBuildConfiguration;
			buildSettings = {
				ALWAYS_SEARCH_USER_PATHS = NO;
				CLANG_CXX_LANGUAGE_STANDARD = "gnu++0x";
				CLANG_CXX_LIBRARY = "libc++";
				CLANG_ENABLE_MODULES = YES;
				CLANG_ENABLE_OBJC_ARC = YES;
				CLANG_WARN_BOOL_CONVERSION = YES;
				CLANG_WARN_CONSTANT_CONVERSION = YES;
				CLANG_WARN_DIRECT_OBJC_ISA_USAGE = YES_ERROR;
				CLANG_WARN_EMPTY_BODY = YES;
				CLANG_WARN_ENUM_CONVERSION = YES;
				CLANG_WARN_INT_CONVERSION = YES;
				CLANG_WARN_OBJC_ROOT_CLASS = YES_ERROR;
				CLANG_WARN_UNREACHABLE_CODE = YES;
				CLANG_WARN__DUPLICATE_METHOD_MATCH = YES;
				"CODE_SIGN_IDENTITY[sdk=iphoneos*]" = "iPhone Developer";
				COPY_PHASE_STRIP = NO;
				DEBUG_INFORMATION_FORMAT = dwarf;
				ENABLE_STRICT_OBJC_MSGSEND = YES;
				ENABLE_TESTABILITY = YES;
				GCC_C_LANGUAGE_STANDARD = gnu99;
				GCC_DYNAMIC_NO_PIC = NO;
				GCC_NO_COMMON_BLOCKS = YES;
				GCC_OPTIMIZATION_LEVEL = 0;
				GCC_PREPROCESSOR_DEFINITIONS = (
					"DEBUG=1",
					"$(inherited)",
				);
				GCC_WARN_64_TO_32_BIT_CONVERSION = YES;
				GCC_WARN_ABOUT_RETURN_TYPE = YES_ERROR;
				GCC_WARN_UNDECLARED_SELECTOR = YES;
				GCC_WARN_UNINITIALIZED_AUTOS = YES_AGGRESSIVE;
				GCC_WARN_UNUSED_FUNCTION = YES;
				GCC_WARN_UNUSED_VARIABLE = YES;
				IPHONEOS_DEPLOYMENT_TARGET = 9.2;
				MTL_ENABLE_DEBUG_INFO = YES;
				ONLY_ACTIVE_ARCH = YES;
				SDKROOT = iphoneos;
				SWIFT_OPTIMIZATION_LEVEL = "-Onone";
				TARGETED_DEVICE_FAMILY = "1,2";
			};
			name = Debug;
		};
		10164C231C92A7C4001FEF46 /* Release */ = {
			isa = XCBuildConfiguration;
			buildSettings = {
				ALWAYS_SEARCH_USER_PATHS = NO;
				CLANG_CXX_LANGUAGE_STANDARD = "gnu++0x";
				CLANG_CXX_LIBRARY = "libc++";
				CLANG_ENABLE_MODULES = YES;
				CLANG_ENABLE_OBJC_ARC = YES;
				CLANG_WARN_BOOL_CONVERSION = YES;
				CLANG_WARN_CONSTANT_CONVERSION = YES;
				CLANG_WARN_DIRECT_OBJC_ISA_USAGE = YES_ERROR;
				CLANG_WARN_EMPTY_BODY = YES;
				CLANG_WARN_ENUM_CONVERSION = YES;
				CLANG_WARN_INT_CONVERSION = YES;
				CLANG_WARN_OBJC_ROOT_CLASS = YES_ERROR;
				CLANG_WARN_UNREACHABLE_CODE = YES;
				CLANG_WARN__DUPLICATE_METHOD_MATCH = YES;
				"CODE_SIGN_IDENTITY[sdk=iphoneos*]" = "iPhone Developer";
				COPY_PHASE_STRIP = NO;
				DEBUG_INFORMATION_FORMAT = "dwarf-with-dsym";
				ENABLE_NS_ASSERTIONS = NO;
				ENABLE_STRICT_OBJC_MSGSEND = YES;
				GCC_C_LANGUAGE_STANDARD = gnu99;
				GCC_NO_COMMON_BLOCKS = YES;
				GCC_WARN_64_TO_32_BIT_CONVERSION = YES;
				GCC_WARN_ABOUT_RETURN_TYPE = YES_ERROR;
				GCC_WARN_UNDECLARED_SELECTOR = YES;
				GCC_WARN_UNINITIALIZED_AUTOS = YES_AGGRESSIVE;
				GCC_WARN_UNUSED_FUNCTION = YES;
				GCC_WARN_UNUSED_VARIABLE = YES;
				IPHONEOS_DEPLOYMENT_TARGET = 9.2;
				MTL_ENABLE_DEBUG_INFO = NO;
				SDKROOT = iphoneos;
				TARGETED_DEVICE_FAMILY = "1,2";
				VALIDATE_PRODUCT = YES;
			};
			name = Release;
		};
		10164C251C92A7C4001FEF46 /* Debug */ = {
			isa = XCBuildConfiguration;
			buildSettings = {
				ASSETCATALOG_COMPILER_APPICON_NAME = AppIcon;
				INFOPLIST_FILE = PopWeChat/Info.plist;
				LD_RUNPATH_SEARCH_PATHS = "$(inherited) @executable_path/Frameworks";
				PRODUCT_BUNDLE_IDENTIFIER = "---.PopWeChat";
				PRODUCT_NAME = "$(TARGET_NAME)";
			};
			name = Debug;
		};
		10164C261C92A7C4001FEF46 /* Release */ = {
			isa = XCBuildConfiguration;
			buildSettings = {
				ASSETCATALOG_COMPILER_APPICON_NAME = AppIcon;
				INFOPLIST_FILE = PopWeChat/Info.plist;
				LD_RUNPATH_SEARCH_PATHS = "$(inherited) @executable_path/Frameworks";
				PRODUCT_BUNDLE_IDENTIFIER = "---.PopWeChat";
				PRODUCT_NAME = "$(TARGET_NAME)";
			};
			name = Release;
		};
/* End XCBuildConfiguration section */

/* Begin XCConfigurationList section */
		10164C0D1C92A7C4001FEF46 /* Build configuration list for PBXProject "PopWeChat" */ = {
			isa = XCConfigurationList;
			buildConfigurations = (
				10164C221C92A7C4001FEF46 /* Debug */,
				10164C231C92A7C4001FEF46 /* Release */,
			);
			defaultConfigurationIsVisible = 0;
			defaultConfigurationName = Release;
		};
		10164C241C92A7C4001FEF46 /* Build configuration list for PBXNativeTarget "PopWeChat" */ = {
			isa = XCConfigurationList;
			buildConfigurations = (
				10164C251C92A7C4001FEF46 /* Debug */,
				10164C261C92A7C4001FEF46 /* Release */,
			);
			defaultConfigurationIsVisible = 0;
			defaultConfigurationName = Release;
		};
/* End XCConfigurationList section */
	};
	rootObject = 10164C0A1C92A7C4001FEF46 /* Project object */;
}
